// !$*UTF8*$!
{
	archiveVersion = 1;
	classes = {
	};
	objectVersion = 51;
	objects = {

/* Begin PBXBuildFile section */
		6C8394624F535B1A8952A7DA /* libPods-Parkiminder Beta.a in Frameworks */ = {isa = PBXBuildFile; fileRef = EACD05E52BDD4454BDE727DB /* libPods-Parkiminder Beta.a */; };
		D7043B8F2356C30000A7E988 /* ReminderTests.swift in Sources */ = {isa = PBXBuildFile; fileRef = D7043B8E2356C30000A7E988 /* ReminderTests.swift */; };
		D7043B972356DEA200A7E988 /* Constants.swift in Sources */ = {isa = PBXBuildFile; fileRef = D7043B962356DEA200A7E988 /* Constants.swift */; };
		D7043BC123581AC600A7E988 /* Parkiminder_BetaUITests.swift in Sources */ = {isa = PBXBuildFile; fileRef = D7043BC023581AC600A7E988 /* Parkiminder_BetaUITests.swift */; };
		D7043BC9235AEEB800A7E988 /* Extensions.swift in Sources */ = {isa = PBXBuildFile; fileRef = D7043BC8235AEEB700A7E988 /* Extensions.swift */; };
		D7043BCB235B36DD00A7E988 /* RecordsGroupTests.swift in Sources */ = {isa = PBXBuildFile; fileRef = D7043BCA235B36DC00A7E988 /* RecordsGroupTests.swift */; };
		D7207091232A04CD0065A710 /* HistoryViewController.swift in Sources */ = {isa = PBXBuildFile; fileRef = D7207090232A04CD0065A710 /* HistoryViewController.swift */; };
		D7207095232A549E0065A710 /* HistoryReminderCell.swift in Sources */ = {isa = PBXBuildFile; fileRef = D7207094232A549E0065A710 /* HistoryReminderCell.swift */; };
		D73FC51623179CEF0019D813 /* PreviewViewController.swift in Sources */ = {isa = PBXBuildFile; fileRef = D73FC51523179CEF0019D813 /* PreviewViewController.swift */; };
		D73FC5182317D5FB0019D813 /* CustomTimerViewController.swift in Sources */ = {isa = PBXBuildFile; fileRef = D73FC5172317D5FB0019D813 /* CustomTimerViewController.swift */; };
		D741DEB92346719400FE1C51 /* ButtonCollectionViewCell.swift in Sources */ = {isa = PBXBuildFile; fileRef = D741DEB82346719300FE1C51 /* ButtonCollectionViewCell.swift */; };
		D759C2ED235EBE0600EBDCAD /* NotifManagerTests.swift in Sources */ = {isa = PBXBuildFile; fileRef = D759C2EC235EBE0600EBDCAD /* NotifManagerTests.swift */; };
		D76FE6502314CC6B00F8CB18 /* CountdownViewController.swift in Sources */ = {isa = PBXBuildFile; fileRef = D76FE64F2314CC6B00F8CB18 /* CountdownViewController.swift */; };
		D76FE6522314D8B400F8CB18 /* Reminder.swift in Sources */ = {isa = PBXBuildFile; fileRef = D76FE6512314D8B400F8CB18 /* Reminder.swift */; };
		D773B92A233890790037D524 /* RecordsGroup.swift in Sources */ = {isa = PBXBuildFile; fileRef = D773B929233890790037D524 /* RecordsGroup.swift */; };
		D7AEC2AD2314C7750056AEFD /* AppDelegate.swift in Sources */ = {isa = PBXBuildFile; fileRef = D7AEC2AC2314C7750056AEFD /* AppDelegate.swift */; };
		D7AEC2AF2314C7750056AEFD /* ViewController.swift in Sources */ = {isa = PBXBuildFile; fileRef = D7AEC2AE2314C7750056AEFD /* ViewController.swift */; };
		D7AEC2B22314C7750056AEFD /* Main.storyboard in Resources */ = {isa = PBXBuildFile; fileRef = D7AEC2B02314C7750056AEFD /* Main.storyboard */; };
		D7AEC2B52314C7750056AEFD /* Parkiminder_Beta.xcdatamodeld in Sources */ = {isa = PBXBuildFile; fileRef = D7AEC2B32314C7750056AEFD /* Parkiminder_Beta.xcdatamodeld */; };
		D7AEC2B72314C7770056AEFD /* Assets.xcassets in Resources */ = {isa = PBXBuildFile; fileRef = D7AEC2B62314C7770056AEFD /* Assets.xcassets */; };
		D7AEC2BA2314C7770056AEFD /* LaunchScreen.storyboard in Resources */ = {isa = PBXBuildFile; fileRef = D7AEC2B82314C7770056AEFD /* LaunchScreen.storyboard */; };
		D7B1D5D8234F0868006F94D7 /* Helpers.swift in Sources */ = {isa = PBXBuildFile; fileRef = D7B1D5D7234F0868006F94D7 /* Helpers.swift */; };
		D7CAB02A2333202700729440 /* NoRecordController.swift in Sources */ = {isa = PBXBuildFile; fileRef = D7CAB0292333202700729440 /* NoRecordController.swift */; };
		D7D5CCD82316720100E68F5B /* LocalNotificationsManager.swift in Sources */ = {isa = PBXBuildFile; fileRef = D7D5CCD72316720100E68F5B /* LocalNotificationsManager.swift */; };
		D7D9F1952331D9B3002F9481 /* FoldingHeader.swift in Sources */ = {isa = PBXBuildFile; fileRef = D7D9F1942331D9B3002F9481 /* FoldingHeader.swift */; };
		D7D9F1972331DA35002F9481 /* FoldingHeaderView.xib in Resources */ = {isa = PBXBuildFile; fileRef = D7D9F1962331DA35002F9481 /* FoldingHeaderView.xib */; };
/* End PBXBuildFile section */

/* Begin PBXContainerItemProxy section */
		D7043B912356C30000A7E988 /* PBXContainerItemProxy */ = {
			isa = PBXContainerItemProxy;
			containerPortal = D7AEC2A12314C7750056AEFD /* Project object */;
			proxyType = 1;
			remoteGlobalIDString = D7AEC2A82314C7750056AEFD;
			remoteInfo = "Parkiminder Beta";
		};
		D7043BC323581AC600A7E988 /* PBXContainerItemProxy */ = {
			isa = PBXContainerItemProxy;
			containerPortal = D7AEC2A12314C7750056AEFD /* Project object */;
			proxyType = 1;
			remoteGlobalIDString = D7AEC2A82314C7750056AEFD;
			remoteInfo = "Parkiminder Beta";
		};
/* End PBXContainerItemProxy section */

/* Begin PBXFileReference section */
		50C913F08CD0E1EF629C70BB /* Pods-Parkiminder Beta.release.xcconfig */ = {isa = PBXFileReference; includeInIndex = 1; lastKnownFileType = text.xcconfig; name = "Pods-Parkiminder Beta.release.xcconfig"; path = "Target Support Files/Pods-Parkiminder Beta/Pods-Parkiminder Beta.release.xcconfig"; sourceTree = "<group>"; };
		77AA945FDB83CF8CAC23B207 /* Pods-Parkiminder Beta.debug.xcconfig */ = {isa = PBXFileReference; includeInIndex = 1; lastKnownFileType = text.xcconfig; name = "Pods-Parkiminder Beta.debug.xcconfig"; path = "Target Support Files/Pods-Parkiminder Beta/Pods-Parkiminder Beta.debug.xcconfig"; sourceTree = "<group>"; };
		D7043B8C2356C30000A7E988 /* Parkiminder BetaTests.xctest */ = {isa = PBXFileReference; explicitFileType = wrapper.cfbundle; includeInIndex = 0; path = "Parkiminder BetaTests.xctest"; sourceTree = BUILT_PRODUCTS_DIR; };
		D7043B8E2356C30000A7E988 /* ReminderTests.swift */ = {isa = PBXFileReference; lastKnownFileType = sourcecode.swift; path = ReminderTests.swift; sourceTree = "<group>"; };
		D7043B902356C30000A7E988 /* Info.plist */ = {isa = PBXFileReference; lastKnownFileType = text.plist.xml; path = Info.plist; sourceTree = "<group>"; };
		D7043B962356DEA200A7E988 /* Constants.swift */ = {isa = PBXFileReference; lastKnownFileType = sourcecode.swift; path = Constants.swift; sourceTree = "<group>"; };
		D7043BBE23581AC600A7E988 /* Parkiminder BetaUITests.xctest */ = {isa = PBXFileReference; explicitFileType = wrapper.cfbundle; includeInIndex = 0; path = "Parkiminder BetaUITests.xctest"; sourceTree = BUILT_PRODUCTS_DIR; };
		D7043BC023581AC600A7E988 /* Parkiminder_BetaUITests.swift */ = {isa = PBXFileReference; lastKnownFileType = sourcecode.swift; path = Parkiminder_BetaUITests.swift; sourceTree = "<group>"; };
		D7043BC223581AC600A7E988 /* Info.plist */ = {isa = PBXFileReference; lastKnownFileType = text.plist.xml; path = Info.plist; sourceTree = "<group>"; };
		D7043BC8235AEEB700A7E988 /* Extensions.swift */ = {isa = PBXFileReference; lastKnownFileType = sourcecode.swift; path = Extensions.swift; sourceTree = "<group>"; };
		D7043BCA235B36DC00A7E988 /* RecordsGroupTests.swift */ = {isa = PBXFileReference; lastKnownFileType = sourcecode.swift; path = RecordsGroupTests.swift; sourceTree = "<group>"; };
		D7207090232A04CD0065A710 /* HistoryViewController.swift */ = {isa = PBXFileReference; lastKnownFileType = sourcecode.swift; path = HistoryViewController.swift; sourceTree = "<group>"; };
		D7207094232A549E0065A710 /* HistoryReminderCell.swift */ = {isa = PBXFileReference; lastKnownFileType = sourcecode.swift; path = HistoryReminderCell.swift; sourceTree = "<group>"; };
		D73FC51523179CEF0019D813 /* PreviewViewController.swift */ = {isa = PBXFileReference; lastKnownFileType = sourcecode.swift; path = PreviewViewController.swift; sourceTree = "<group>"; };
		D73FC5172317D5FB0019D813 /* CustomTimerViewController.swift */ = {isa = PBXFileReference; lastKnownFileType = sourcecode.swift; path = CustomTimerViewController.swift; sourceTree = "<group>"; };
		D741DEB82346719300FE1C51 /* ButtonCollectionViewCell.swift */ = {isa = PBXFileReference; lastKnownFileType = sourcecode.swift; path = ButtonCollectionViewCell.swift; sourceTree = "<group>"; };
		D759C2EC235EBE0600EBDCAD /* NotifManagerTests.swift */ = {isa = PBXFileReference; lastKnownFileType = sourcecode.swift; path = NotifManagerTests.swift; sourceTree = "<group>"; };
		D76FE64F2314CC6B00F8CB18 /* CountdownViewController.swift */ = {isa = PBXFileReference; lastKnownFileType = sourcecode.swift; path = CountdownViewController.swift; sourceTree = "<group>"; };
		D76FE6512314D8B400F8CB18 /* Reminder.swift */ = {isa = PBXFileReference; lastKnownFileType = sourcecode.swift; path = Reminder.swift; sourceTree = "<group>"; };
		D773B929233890790037D524 /* RecordsGroup.swift */ = {isa = PBXFileReference; lastKnownFileType = sourcecode.swift; path = RecordsGroup.swift; sourceTree = "<group>"; };
		D7AEC2A92314C7750056AEFD /* Parkiminder Beta.app */ = {isa = PBXFileReference; explicitFileType = wrapper.application; includeInIndex = 0; path = "Parkiminder Beta.app"; sourceTree = BUILT_PRODUCTS_DIR; };
		D7AEC2AC2314C7750056AEFD /* AppDelegate.swift */ = {isa = PBXFileReference; lastKnownFileType = sourcecode.swift; path = AppDelegate.swift; sourceTree = "<group>"; };
		D7AEC2AE2314C7750056AEFD /* ViewController.swift */ = {isa = PBXFileReference; lastKnownFileType = sourcecode.swift; path = ViewController.swift; sourceTree = "<group>"; };
		D7AEC2B12314C7750056AEFD /* Base */ = {isa = PBXFileReference; lastKnownFileType = file.storyboard; name = Base; path = Base.lproj/Main.storyboard; sourceTree = "<group>"; };
		D7AEC2B42314C7750056AEFD /* Parkiminder_Beta.xcdatamodel */ = {isa = PBXFileReference; lastKnownFileType = wrapper.xcdatamodel; path = Parkiminder_Beta.xcdatamodel; sourceTree = "<group>"; };
		D7AEC2B62314C7770056AEFD /* Assets.xcassets */ = {isa = PBXFileReference; lastKnownFileType = folder.assetcatalog; path = Assets.xcassets; sourceTree = "<group>"; };
		D7AEC2B92314C7770056AEFD /* Base */ = {isa = PBXFileReference; lastKnownFileType = file.storyboard; name = Base; path = Base.lproj/LaunchScreen.storyboard; sourceTree = "<group>"; };
		D7AEC2BB2314C7770056AEFD /* Info.plist */ = {isa = PBXFileReference; lastKnownFileType = text.plist.xml; path = Info.plist; sourceTree = "<group>"; };
		D7B1D5D7234F0868006F94D7 /* Helpers.swift */ = {isa = PBXFileReference; lastKnownFileType = sourcecode.swift; path = Helpers.swift; sourceTree = "<group>"; };
		D7CAB0292333202700729440 /* NoRecordController.swift */ = {isa = PBXFileReference; lastKnownFileType = sourcecode.swift; path = NoRecordController.swift; sourceTree = "<group>"; };
		D7D5CCD72316720100E68F5B /* LocalNotificationsManager.swift */ = {isa = PBXFileReference; lastKnownFileType = sourcecode.swift; path = LocalNotificationsManager.swift; sourceTree = "<group>"; };
		D7D9F1942331D9B3002F9481 /* FoldingHeader.swift */ = {isa = PBXFileReference; lastKnownFileType = sourcecode.swift; path = FoldingHeader.swift; sourceTree = "<group>"; };
		D7D9F1962331DA35002F9481 /* FoldingHeaderView.xib */ = {isa = PBXFileReference; lastKnownFileType = file.xib; path = FoldingHeaderView.xib; sourceTree = "<group>"; };
		EACD05E52BDD4454BDE727DB /* libPods-Parkiminder Beta.a */ = {isa = PBXFileReference; explicitFileType = archive.ar; includeInIndex = 0; path = "libPods-Parkiminder Beta.a"; sourceTree = BUILT_PRODUCTS_DIR; };
/* End PBXFileReference section */

/* Begin PBXFrameworksBuildPhase section */
		D7043B892356C30000A7E988 /* Frameworks */ = {
			isa = PBXFrameworksBuildPhase;
			buildActionMask = 2147483647;
			files = (
			);
			runOnlyForDeploymentPostprocessing = 0;
		};
		D7043BBB23581AC600A7E988 /* Frameworks */ = {
			isa = PBXFrameworksBuildPhase;
			buildActionMask = 2147483647;
			files = (
			);
			runOnlyForDeploymentPostprocessing = 0;
		};
		D7AEC2A62314C7750056AEFD /* Frameworks */ = {
			isa = PBXFrameworksBuildPhase;
			buildActionMask = 2147483647;
			files = (
				6C8394624F535B1A8952A7DA /* libPods-Parkiminder Beta.a in Frameworks */,
			);
			runOnlyForDeploymentPostprocessing = 0;
		};
/* End PBXFrameworksBuildPhase section */

/* Begin PBXGroup section */
		963B17E43E094B39F83A920B /* Frameworks */ = {
			isa = PBXGroup;
			children = (
				EACD05E52BDD4454BDE727DB /* libPods-Parkiminder Beta.a */,
			);
			name = Frameworks;
			sourceTree = "<group>";
		};
		9D3DD532426AA61DD2FF38FF /* Pods */ = {
			isa = PBXGroup;
			children = (
				77AA945FDB83CF8CAC23B207 /* Pods-Parkiminder Beta.debug.xcconfig */,
				50C913F08CD0E1EF629C70BB /* Pods-Parkiminder Beta.release.xcconfig */,
			);
			path = Pods;
			sourceTree = "<group>";
		};
		D7043B8D2356C30000A7E988 /* Parkiminder BetaTests */ = {
			isa = PBXGroup;
			children = (
				D7043B8E2356C30000A7E988 /* ReminderTests.swift */,
				D7043B902356C30000A7E988 /* Info.plist */,
				D7043BCA235B36DC00A7E988 /* RecordsGroupTests.swift */,
				D759C2EC235EBE0600EBDCAD /* NotifManagerTests.swift */,
			);
			path = "Parkiminder BetaTests";
			sourceTree = "<group>";
		};
		D7043BBF23581AC600A7E988 /* Parkiminder BetaUITests */ = {
			isa = PBXGroup;
			children = (
				D7043BC023581AC600A7E988 /* Parkiminder_BetaUITests.swift */,
				D7043BC223581AC600A7E988 /* Info.plist */,
			);
			path = "Parkiminder BetaUITests";
			sourceTree = "<group>";
		};
		D7AEC2A02314C7750056AEFD = {
			isa = PBXGroup;
			children = (
				D7AEC2AB2314C7750056AEFD /* Parkiminder Beta */,
				D7043B8D2356C30000A7E988 /* Parkiminder BetaTests */,
				D7043BBF23581AC600A7E988 /* Parkiminder BetaUITests */,
				D7AEC2AA2314C7750056AEFD /* Products */,
				9D3DD532426AA61DD2FF38FF /* Pods */,
				963B17E43E094B39F83A920B /* Frameworks */,
			);
			sourceTree = "<group>";
		};
		D7AEC2AA2314C7750056AEFD /* Products */ = {
			isa = PBXGroup;
			children = (
				D7AEC2A92314C7750056AEFD /* Parkiminder Beta.app */,
				D7043B8C2356C30000A7E988 /* Parkiminder BetaTests.xctest */,
				D7043BBE23581AC600A7E988 /* Parkiminder BetaUITests.xctest */,
			);
			name = Products;
			sourceTree = "<group>";
		};
		D7AEC2AB2314C7750056AEFD /* Parkiminder Beta */ = {
			isa = PBXGroup;
			children = (
				D7AEC2AC2314C7750056AEFD /* AppDelegate.swift */,
				D7B1D5D7234F0868006F94D7 /* Helpers.swift */,
				D7AEC2AE2314C7750056AEFD /* ViewController.swift */,
				D76FE64F2314CC6B00F8CB18 /* CountdownViewController.swift */,
				D7AEC2B02314C7750056AEFD /* Main.storyboard */,
				D7207090232A04CD0065A710 /* HistoryViewController.swift */,
				D7CAB0292333202700729440 /* NoRecordController.swift */,
				D741DEB82346719300FE1C51 /* ButtonCollectionViewCell.swift */,
				D7207094232A549E0065A710 /* HistoryReminderCell.swift */,
				D7D9F1942331D9B3002F9481 /* FoldingHeader.swift */,
				D773B929233890790037D524 /* RecordsGroup.swift */,
				D7D9F1962331DA35002F9481 /* FoldingHeaderView.xib */,
				D73FC5172317D5FB0019D813 /* CustomTimerViewController.swift */,
				D73FC51523179CEF0019D813 /* PreviewViewController.swift */,
				D7D5CCD72316720100E68F5B /* LocalNotificationsManager.swift */,
				D76FE6512314D8B400F8CB18 /* Reminder.swift */,
				D7AEC2B62314C7770056AEFD /* Assets.xcassets */,
				D7AEC2B82314C7770056AEFD /* LaunchScreen.storyboard */,
				D7AEC2BB2314C7770056AEFD /* Info.plist */,
				D7AEC2B32314C7750056AEFD /* Parkiminder_Beta.xcdatamodeld */,
				D7043B962356DEA200A7E988 /* Constants.swift */,
				D7043BC8235AEEB700A7E988 /* Extensions.swift */,
			);
			path = "Parkiminder Beta";
			sourceTree = "<group>";
		};
/* End PBXGroup section */

/* Begin PBXNativeTarget section */
		D7043B8B2356C30000A7E988 /* Parkiminder BetaTests */ = {
			isa = PBXNativeTarget;
			buildConfigurationList = D7043B952356C30000A7E988 /* Build configuration list for PBXNativeTarget "Parkiminder BetaTests" */;
			buildPhases = (
				D7043B882356C30000A7E988 /* Sources */,
				D7043B892356C30000A7E988 /* Frameworks */,
				D7043B8A2356C30000A7E988 /* Resources */,
			);
			buildRules = (
			);
			dependencies = (
				D7043B922356C30000A7E988 /* PBXTargetDependency */,
			);
			name = "Parkiminder BetaTests";
			productName = "Parkiminder BetaTests";
			productReference = D7043B8C2356C30000A7E988 /* Parkiminder BetaTests.xctest */;
			productType = "com.apple.product-type.bundle.unit-test";
		};
		D7043BBD23581AC600A7E988 /* Parkiminder BetaUITests */ = {
			isa = PBXNativeTarget;
			buildConfigurationList = D7043BC523581AC600A7E988 /* Build configuration list for PBXNativeTarget "Parkiminder BetaUITests" */;
			buildPhases = (
				D7043BBA23581AC600A7E988 /* Sources */,
				D7043BBB23581AC600A7E988 /* Frameworks */,
				D7043BBC23581AC600A7E988 /* Resources */,
			);
			buildRules = (
			);
			dependencies = (
				D7043BC423581AC600A7E988 /* PBXTargetDependency */,
			);
			name = "Parkiminder BetaUITests";
			productName = "Parkiminder BetaUITests";
			productReference = D7043BBE23581AC600A7E988 /* Parkiminder BetaUITests.xctest */;
			productType = "com.apple.product-type.bundle.ui-testing";
		};
		D7AEC2A82314C7750056AEFD /* Parkiminder Beta */ = {
			isa = PBXNativeTarget;
			buildConfigurationList = D7AEC2BE2314C7770056AEFD /* Build configuration list for PBXNativeTarget "Parkiminder Beta" */;
			buildPhases = (
				2305420E761619ADD824C302 /* [CP] Check Pods Manifest.lock */,
				D7AEC2A52314C7750056AEFD /* Sources */,
				D7AEC2A62314C7750056AEFD /* Frameworks */,
				D7AEC2A72314C7750056AEFD /* Resources */,
				CD5A66CBB11895F78A1A54FB /* [CP] Copy Pods Resources */,
			);
			buildRules = (
			);
			dependencies = (
			);
			name = "Parkiminder Beta";
			productName = "Parkiminder Beta";
			productReference = D7AEC2A92314C7750056AEFD /* Parkiminder Beta.app */;
			productType = "com.apple.product-type.application";
		};
/* End PBXNativeTarget section */

/* Begin PBXProject section */
		D7AEC2A12314C7750056AEFD /* Project object */ = {
			isa = PBXProject;
			attributes = {
				LastSwiftUpdateCheck = 1110;
				LastUpgradeCheck = 1030;
				ORGANIZATIONNAME = COMP90019;
				TargetAttributes = {
					D7043B8B2356C30000A7E988 = {
						CreatedOnToolsVersion = 11.1;
						TestTargetID = D7AEC2A82314C7750056AEFD;
					};
					D7043BBD23581AC600A7E988 = {
						CreatedOnToolsVersion = 11.1;
						TestTargetID = D7AEC2A82314C7750056AEFD;
					};
					D7AEC2A82314C7750056AEFD = {
						CreatedOnToolsVersion = 10.3;
					};
				};
			};
			buildConfigurationList = D7AEC2A42314C7750056AEFD /* Build configuration list for PBXProject "Parkiminder Beta" */;
			compatibilityVersion = "Xcode 9.3";
			developmentRegion = en;
			hasScannedForEncodings = 0;
			knownRegions = (
				en,
				Base,
			);
			mainGroup = D7AEC2A02314C7750056AEFD;
			productRefGroup = D7AEC2AA2314C7750056AEFD /* Products */;
			projectDirPath = "";
			projectRoot = "";
			targets = (
				D7AEC2A82314C7750056AEFD /* Parkiminder Beta */,
				D7043B8B2356C30000A7E988 /* Parkiminder BetaTests */,
				D7043BBD23581AC600A7E988 /* Parkiminder BetaUITests */,
			);
		};
/* End PBXProject section */

/* Begin PBXResourcesBuildPhase section */
		D7043B8A2356C30000A7E988 /* Resources */ = {
			isa = PBXResourcesBuildPhase;
			buildActionMask = 2147483647;
			files = (
			);
			runOnlyForDeploymentPostprocessing = 0;
		};
		D7043BBC23581AC600A7E988 /* Resources */ = {
			isa = PBXResourcesBuildPhase;
			buildActionMask = 2147483647;
			files = (
			);
			runOnlyForDeploymentPostprocessing = 0;
		};
		D7AEC2A72314C7750056AEFD /* Resources */ = {
			isa = PBXResourcesBuildPhase;
			buildActionMask = 2147483647;
			files = (
				D7D9F1972331DA35002F9481 /* FoldingHeaderView.xib in Resources */,
				D7AEC2BA2314C7770056AEFD /* LaunchScreen.storyboard in Resources */,
				D7AEC2B72314C7770056AEFD /* Assets.xcassets in Resources */,
				D7AEC2B22314C7750056AEFD /* Main.storyboard in Resources */,
			);
			runOnlyForDeploymentPostprocessing = 0;
		};
/* End PBXResourcesBuildPhase section */

/* Begin PBXShellScriptBuildPhase section */
		2305420E761619ADD824C302 /* [CP] Check Pods Manifest.lock */ = {
			isa = PBXShellScriptBuildPhase;
			buildActionMask = 2147483647;
			files = (
			);
			inputFileListPaths = (
			);
			inputPaths = (
				"${PODS_PODFILE_DIR_PATH}/Podfile.lock",
				"${PODS_ROOT}/Manifest.lock",
			);
			name = "[CP] Check Pods Manifest.lock";
			outputFileListPaths = (
			);
			outputPaths = (
				"$(DERIVED_FILE_DIR)/Pods-Parkiminder Beta-checkManifestLockResult.txt",
			);
			runOnlyForDeploymentPostprocessing = 0;
			shellPath = /bin/sh;
			shellScript = "diff \"${PODS_PODFILE_DIR_PATH}/Podfile.lock\" \"${PODS_ROOT}/Manifest.lock\" > /dev/null\nif [ $? != 0 ] ; then\n    # print error to STDERR\n    echo \"error: The sandbox is not in sync with the Podfile.lock. Run 'pod install' or update your CocoaPods installation.\" >&2\n    exit 1\nfi\n# This output is used by Xcode 'outputs' to avoid re-running this script phase.\necho \"SUCCESS\" > \"${SCRIPT_OUTPUT_FILE_0}\"\n";
			showEnvVarsInLog = 0;
		};
		CD5A66CBB11895F78A1A54FB /* [CP] Copy Pods Resources */ = {
			isa = PBXShellScriptBuildPhase;
			buildActionMask = 2147483647;
			files = (
			);
			inputFileListPaths = (
				"${PODS_ROOT}/Target Support Files/Pods-Parkiminder Beta/Pods-Parkiminder Beta-resources-${CONFIGURATION}-input-files.xcfilelist",
			);
			name = "[CP] Copy Pods Resources";
			outputFileListPaths = (
				"${PODS_ROOT}/Target Support Files/Pods-Parkiminder Beta/Pods-Parkiminder Beta-resources-${CONFIGURATION}-output-files.xcfilelist",
			);
			runOnlyForDeploymentPostprocessing = 0;
			shellPath = /bin/sh;
			shellScript = "\"${PODS_ROOT}/Target Support Files/Pods-Parkiminder Beta/Pods-Parkiminder Beta-resources.sh\"\n";
			showEnvVarsInLog = 0;
		};
/* End PBXShellScriptBuildPhase section */

/* Begin PBXSourcesBuildPhase section */
		D7043B882356C30000A7E988 /* Sources */ = {
			isa = PBXSourcesBuildPhase;
			buildActionMask = 2147483647;
			files = (
				D7043BCB235B36DD00A7E988 /* RecordsGroupTests.swift in Sources */,
				D7043B8F2356C30000A7E988 /* ReminderTests.swift in Sources */,
				D759C2ED235EBE0600EBDCAD /* NotifManagerTests.swift in Sources */,
			);
			runOnlyForDeploymentPostprocessing = 0;
		};
		D7043BBA23581AC600A7E988 /* Sources */ = {
			isa = PBXSourcesBuildPhase;
			buildActionMask = 2147483647;
			files = (
				D7043BC123581AC600A7E988 /* Parkiminder_BetaUITests.swift in Sources */,
			);
			runOnlyForDeploymentPostprocessing = 0;
		};
		D7AEC2A52314C7750056AEFD /* Sources */ = {
			isa = PBXSourcesBuildPhase;
			buildActionMask = 2147483647;
			files = (
				D7207095232A549E0065A710 /* HistoryReminderCell.swift in Sources */,
				D76FE6502314CC6B00F8CB18 /* CountdownViewController.swift in Sources */,
				D7AEC2AF2314C7750056AEFD /* ViewController.swift in Sources */,
				D73FC51623179CEF0019D813 /* PreviewViewController.swift in Sources */,
				D7AEC2B52314C7750056AEFD /* Parkiminder_Beta.xcdatamodeld in Sources */,
				D7AEC2AD2314C7750056AEFD /* AppDelegate.swift in Sources */,
				D73FC5182317D5FB0019D813 /* CustomTimerViewController.swift in Sources */,
				D7043B972356DEA200A7E988 /* Constants.swift in Sources */,
				D7207091232A04CD0065A710 /* HistoryViewController.swift in Sources */,
				D7D9F1952331D9B3002F9481 /* FoldingHeader.swift in Sources */,
				D773B92A233890790037D524 /* RecordsGroup.swift in Sources */,
				D7D5CCD82316720100E68F5B /* LocalNotificationsManager.swift in Sources */,
				D76FE6522314D8B400F8CB18 /* Reminder.swift in Sources */,
				D741DEB92346719400FE1C51 /* ButtonCollectionViewCell.swift in Sources */,
				D7043BC9235AEEB800A7E988 /* Extensions.swift in Sources */,
				D7B1D5D8234F0868006F94D7 /* Helpers.swift in Sources */,
				D7CAB02A2333202700729440 /* NoRecordController.swift in Sources */,
			);
			runOnlyForDeploymentPostprocessing = 0;
		};
/* End PBXSourcesBuildPhase section */

/* Begin PBXTargetDependency section */
		D7043B922356C30000A7E988 /* PBXTargetDependency */ = {
			isa = PBXTargetDependency;
			target = D7AEC2A82314C7750056AEFD /* Parkiminder Beta */;
			targetProxy = D7043B912356C30000A7E988 /* PBXContainerItemProxy */;
		};
		D7043BC423581AC600A7E988 /* PBXTargetDependency */ = {
			isa = PBXTargetDependency;
			target = D7AEC2A82314C7750056AEFD /* Parkiminder Beta */;
			targetProxy = D7043BC323581AC600A7E988 /* PBXContainerItemProxy */;
		};
/* End PBXTargetDependency section */

/* Begin PBXVariantGroup section */
		D7AEC2B02314C7750056AEFD /* Main.storyboard */ = {
			isa = PBXVariantGroup;
			children = (
				D7AEC2B12314C7750056AEFD /* Base */,
			);
			name = Main.storyboard;
			sourceTree = "<group>";
		};
		D7AEC2B82314C7770056AEFD /* LaunchScreen.storyboard */ = {
			isa = PBXVariantGroup;
			children = (
				D7AEC2B92314C7770056AEFD /* Base */,
			);
			name = LaunchScreen.storyboard;
			sourceTree = "<group>";
		};
/* End PBXVariantGroup section */

/* Begin XCBuildConfiguration section */
		D7043B932356C30000A7E988 /* Debug */ = {
			isa = XCBuildConfiguration;
			buildSettings = {
				BUNDLE_LOADER = "$(TEST_HOST)";
				CODE_SIGN_STYLE = Automatic;
				DEVELOPMENT_TEAM = 9N7Z3A7RDJ;
				INFOPLIST_FILE = "Parkiminder BetaTests/Info.plist";
				IPHONEOS_DEPLOYMENT_TARGET = 13.1;
				LD_RUNPATH_SEARCH_PATHS = (
					"$(inherited)",
					"@executable_path/Frameworks",
					"@loader_path/Frameworks",
				);
				PRODUCT_BUNDLE_IDENTIFIER = "comp.90019.Parkiminder-BetaTests";
				PRODUCT_NAME = "$(TARGET_NAME)";
				SWIFT_VERSION = 5.0;
				TARGETED_DEVICE_FAMILY = "1,2";
				TEST_HOST = "$(BUILT_PRODUCTS_DIR)/Parkiminder Beta.app/Parkiminder Beta";
			};
			name = Debug;
		};
		D7043B942356C30000A7E988 /* Release */ = {
			isa = XCBuildConfiguration;
			buildSettings = {
				BUNDLE_LOADER = "$(TEST_HOST)";
				CODE_SIGN_STYLE = Automatic;
				DEVELOPMENT_TEAM = 9N7Z3A7RDJ;
				INFOPLIST_FILE = "Parkiminder BetaTests/Info.plist";
				IPHONEOS_DEPLOYMENT_TARGET = 13.1;
				LD_RUNPATH_SEARCH_PATHS = (
					"$(inherited)",
					"@executable_path/Frameworks",
					"@loader_path/Frameworks",
				);
				PRODUCT_BUNDLE_IDENTIFIER = "comp.90019.Parkiminder-BetaTests";
				PRODUCT_NAME = "$(TARGET_NAME)";
				SWIFT_VERSION = 5.0;
				TARGETED_DEVICE_FAMILY = "1,2";
				TEST_HOST = "$(BUILT_PRODUCTS_DIR)/Parkiminder Beta.app/Parkiminder Beta";
			};
			name = Release;
		};
		D7043BC623581AC600A7E988 /* Debug */ = {
			isa = XCBuildConfiguration;
			buildSettings = {
				CODE_SIGN_STYLE = Automatic;
				DEVELOPMENT_TEAM = 9N7Z3A7RDJ;
				INFOPLIST_FILE = "Parkiminder BetaUITests/Info.plist";
				IPHONEOS_DEPLOYMENT_TARGET = 13.1;
				LD_RUNPATH_SEARCH_PATHS = (
					"$(inherited)",
					"@executable_path/Frameworks",
					"@loader_path/Frameworks",
				);
				PRODUCT_BUNDLE_IDENTIFIER = "comp.90019.Parkiminder-BetaUITests";
				PRODUCT_NAME = "$(TARGET_NAME)";
				SWIFT_VERSION = 5.0;
				TARGETED_DEVICE_FAMILY = "1,2";
				TEST_TARGET_NAME = "Parkiminder Beta";
			};
			name = Debug;
		};
		D7043BC723581AC600A7E988 /* Release */ = {
			isa = XCBuildConfiguration;
			buildSettings = {
				CODE_SIGN_STYLE = Automatic;
				DEVELOPMENT_TEAM = 9N7Z3A7RDJ;
				INFOPLIST_FILE = "Parkiminder BetaUITests/Info.plist";
				IPHONEOS_DEPLOYMENT_TARGET = 13.1;
				LD_RUNPATH_SEARCH_PATHS = (
					"$(inherited)",
					"@executable_path/Frameworks",
					"@loader_path/Frameworks",
				);
				PRODUCT_BUNDLE_IDENTIFIER = "comp.90019.Parkiminder-BetaUITests";
				PRODUCT_NAME = "$(TARGET_NAME)";
				SWIFT_VERSION = 5.0;
				TARGETED_DEVICE_FAMILY = "1,2";
				TEST_TARGET_NAME = "Parkiminder Beta";
			};
			name = Release;
		};
		D7AEC2BC2314C7770056AEFD /* Debug */ = {
			isa = XCBuildConfiguration;
			buildSettings = {
				ALWAYS_SEARCH_USER_PATHS = NO;
				CLANG_ANALYZER_NONNULL = YES;
				CLANG_ANALYZER_NUMBER_OBJECT_CONVERSION = YES_AGGRESSIVE;
				CLANG_CXX_LANGUAGE_STANDARD = "gnu++14";
				CLANG_CXX_LIBRARY = "libc++";
				CLANG_ENABLE_MODULES = YES;
				CLANG_ENABLE_OBJC_ARC = YES;
				CLANG_ENABLE_OBJC_WEAK = YES;
				CLANG_WARN_BLOCK_CAPTURE_AUTORELEASING = YES;
				CLANG_WARN_BOOL_CONVERSION = YES;
				CLANG_WARN_COMMA = YES;
				CLANG_WARN_CONSTANT_CONVERSION = YES;
				CLANG_WARN_DEPRECATED_OBJC_IMPLEMENTATIONS = YES;
				CLANG_WARN_DIRECT_OBJC_ISA_USAGE = YES_ERROR;
				CLANG_WARN_DOCUMENTATION_COMMENTS = YES;
				CLANG_WARN_EMPTY_BODY = YES;
				CLANG_WARN_ENUM_CONVERSION = YES;
				CLANG_WARN_INFINITE_RECURSION = YES;
				CLANG_WARN_INT_CONVERSION = YES;
				CLANG_WARN_NON_LITERAL_NULL_CONVERSION = YES;
				CLANG_WARN_OBJC_IMPLICIT_RETAIN_SELF = YES;
				CLANG_WARN_OBJC_LITERAL_CONVERSION = YES;
				CLANG_WARN_OBJC_ROOT_CLASS = YES_ERROR;
				CLANG_WARN_RANGE_LOOP_ANALYSIS = YES;
				CLANG_WARN_STRICT_PROTOTYPES = YES;
				CLANG_WARN_SUSPICIOUS_MOVE = YES;
				CLANG_WARN_UNGUARDED_AVAILABILITY = YES_AGGRESSIVE;
				CLANG_WARN_UNREACHABLE_CODE = YES;
				CLANG_WARN__DUPLICATE_METHOD_MATCH = YES;
				CODE_SIGN_IDENTITY = "iPhone Developer";
				COPY_PHASE_STRIP = NO;
				DEBUG_INFORMATION_FORMAT = dwarf;
				ENABLE_STRICT_OBJC_MSGSEND = YES;
				ENABLE_TESTABILITY = YES;
				GCC_C_LANGUAGE_STANDARD = gnu11;
				GCC_DYNAMIC_NO_PIC = NO;
				GCC_NO_COMMON_BLOCKS = YES;
				GCC_OPTIMIZATION_LEVEL = 0;
				GCC_PREPROCESSOR_DEFINITIONS = (
					"DEBUG=1",
					"$(inherited)",
				);
				GCC_WARN_64_TO_32_BIT_CONVERSION = YES;
				GCC_WARN_ABOUT_RETURN_TYPE = YES_ERROR;
				GCC_WARN_UNDECLARED_SELECTOR = YES;
				GCC_WARN_UNINITIALIZED_AUTOS = YES_AGGRESSIVE;
				GCC_WARN_UNUSED_FUNCTION = YES;
				GCC_WARN_UNUSED_VARIABLE = YES;
				IPHONEOS_DEPLOYMENT_TARGET = 12.4;
				MTL_ENABLE_DEBUG_INFO = INCLUDE_SOURCE;
				MTL_FAST_MATH = YES;
				ONLY_ACTIVE_ARCH = YES;
				SDKROOT = iphoneos;
				SWIFT_ACTIVE_COMPILATION_CONDITIONS = DEBUG;
				SWIFT_OPTIMIZATION_LEVEL = "-Onone";
			};
			name = Debug;
		};
		D7AEC2BD2314C7770056AEFD /* Release */ = {
			isa = XCBuildConfiguration;
			buildSettings = {
				ALWAYS_SEARCH_USER_PATHS = NO;
				CLANG_ANALYZER_NONNULL = YES;
				CLANG_ANALYZER_NUMBER_OBJECT_CONVERSION = YES_AGGRESSIVE;
				CLANG_CXX_LANGUAGE_STANDARD = "gnu++14";
				CLANG_CXX_LIBRARY = "libc++";
				CLANG_ENABLE_MODULES = YES;
				CLANG_ENABLE_OBJC_ARC = YES;
				CLANG_ENABLE_OBJC_WEAK = YES;
				CLANG_WARN_BLOCK_CAPTURE_AUTORELEASING = YES;
				CLANG_WARN_BOOL_CONVERSION = YES;
				CLANG_WARN_COMMA = YES;
				CLANG_WARN_CONSTANT_CONVERSION = YES;
				CLANG_WARN_DEPRECATED_OBJC_IMPLEMENTATIONS = YES;
				CLANG_WARN_DIRECT_OBJC_ISA_USAGE = YES_ERROR;
				CLANG_WARN_DOCUMENTATION_COMMENTS = YES;
				CLANG_WARN_EMPTY_BODY = YES;
				CLANG_WARN_ENUM_CONVERSION = YES;
				CLANG_WARN_INFINITE_RECURSION = YES;
				CLANG_WARN_INT_CONVERSION = YES;
				CLANG_WARN_NON_LITERAL_NULL_CONVERSION = YES;
				CLANG_WARN_OBJC_IMPLICIT_RETAIN_SELF = YES;
				CLANG_WARN_OBJC_LITERAL_CONVERSION = YES;
				CLANG_WARN_OBJC_ROOT_CLASS = YES_ERROR;
				CLANG_WARN_RANGE_LOOP_ANALYSIS = YES;
				CLANG_WARN_STRICT_PROTOTYPES = YES;
				CLANG_WARN_SUSPICIOUS_MOVE = YES;
				CLANG_WARN_UNGUARDED_AVAILABILITY = YES_AGGRESSIVE;
				CLANG_WARN_UNREACHABLE_CODE = YES;
				CLANG_WARN__DUPLICATE_METHOD_MATCH = YES;
				CODE_SIGN_IDENTITY = "iPhone Developer";
				COPY_PHASE_STRIP = NO;
				DEBUG_INFORMATION_FORMAT = "dwarf-with-dsym";
				ENABLE_NS_ASSERTIONS = NO;
				ENABLE_STRICT_OBJC_MSGSEND = YES;
				GCC_C_LANGUAGE_STANDARD = gnu11;
				GCC_NO_COMMON_BLOCKS = YES;
				GCC_WARN_64_TO_32_BIT_CONVERSION = YES;
				GCC_WARN_ABOUT_RETURN_TYPE = YES_ERROR;
				GCC_WARN_UNDECLARED_SELECTOR = YES;
				GCC_WARN_UNINITIALIZED_AUTOS = YES_AGGRESSIVE;
				GCC_WARN_UNUSED_FUNCTION = YES;
				GCC_WARN_UNUSED_VARIABLE = YES;
				IPHONEOS_DEPLOYMENT_TARGET = 12.4;
				MTL_ENABLE_DEBUG_INFO = NO;
				MTL_FAST_MATH = YES;
				SDKROOT = iphoneos;
				SWIFT_COMPILATION_MODE = wholemodule;
				SWIFT_OPTIMIZATION_LEVEL = "-O";
				VALIDATE_PRODUCT = YES;
			};
			name = Release;
		};
		D7AEC2BF2314C7770056AEFD /* Debug */ = {
			isa = XCBuildConfiguration;
			baseConfigurationReference = 77AA945FDB83CF8CAC23B207 /* Pods-Parkiminder Beta.debug.xcconfig */;
			buildSettings = {
				ASSETCATALOG_COMPILER_APPICON_NAME = AppIcon;
				CODE_SIGN_STYLE = Automatic;
				DEVELOPMENT_TEAM = 9N7Z3A7RDJ;
				INFOPLIST_FILE = "Parkiminder Beta/Info.plist";
				LD_RUNPATH_SEARCH_PATHS = (
					"$(inherited)",
					"@executable_path/Frameworks",
				);
				PRODUCT_BUNDLE_IDENTIFIER = "comp.90019.Parkiminder-Beta";
				PRODUCT_NAME = "$(TARGET_NAME)";
				SWIFT_VERSION = 5.0;
				TARGETED_DEVICE_FAMILY = 1;
			};
			name = Debug;
		};
		D7AEC2C02314C7770056AEFD /* Release */ = {
			isa = XCBuildConfiguration;
			baseConfigurationReference = 50C913F08CD0E1EF629C70BB /* Pods-Parkiminder Beta.release.xcconfig */;
			buildSettings = {
				ASSETCATALOG_COMPILER_APPICON_NAME = AppIcon;
				CODE_SIGN_STYLE = Automatic;
				DEVELOPMENT_TEAM = 9N7Z3A7RDJ;
				INFOPLIST_FILE = "Parkiminder Beta/Info.plist";
				LD_RUNPATH_SEARCH_PATHS = (
					"$(inherited)",
					"@executable_path/Frameworks",
				);
				PRODUCT_BUNDLE_IDENTIFIER = "comp.90019.Parkiminder-Beta";
				PRODUCT_NAME = "$(TARGET_NAME)";
				SWIFT_VERSION = 5.0;
				TARGETED_DEVICE_FAMILY = 1;
			};
			name = Release;
		};
/* End XCBuildConfiguration section */

/* Begin XCConfigurationList section */
		D7043B952356C30000A7E988 /* Build configuration list for PBXNativeTarget "Parkiminder BetaTests" */ = {
			isa = XCConfigurationList;
			buildConfigurations = (
				D7043B932356C30000A7E988 /* Debug */,
				D7043B942356C30000A7E988 /* Release */,
			);
			defaultConfigurationIsVisible = 0;
			defaultConfigurationName = Release;
		};
		D7043BC523581AC600A7E988 /* Build configuration list for PBXNativeTarget "Parkiminder BetaUITests" */ = {
			isa = XCConfigurationList;
			buildConfigurations = (
				D7043BC623581AC600A7E988 /* Debug */,
				D7043BC723581AC600A7E988 /* Release */,
			);
			defaultConfigurationIsVisible = 0;
			defaultConfigurationName = Release;
		};
		D7AEC2A42314C7750056AEFD /* Build configuration list for PBXProject "Parkiminder Beta" */ = {
			isa = XCConfigurationList;
			buildConfigurations = (
				D7AEC2BC2314C7770056AEFD /* Debug */,
				D7AEC2BD2314C7770056AEFD /* Release */,
			);
			defaultConfigurationIsVisible = 0;
			defaultConfigurationName = Release;
		};
		D7AEC2BE2314C7770056AEFD /* Build configuration list for PBXNativeTarget "Parkiminder Beta" */ = {
			isa = XCConfigurationList;
			buildConfigurations = (
				D7AEC2BF2314C7770056AEFD /* Debug */,
				D7AEC2C02314C7770056AEFD /* Release */,
			);
			defaultConfigurationIsVisible = 0;
			defaultConfigurationName = Release;
		};
/* End XCConfigurationList section */

/* Begin XCVersionGroup section */
		D7AEC2B32314C7750056AEFD /* Parkiminder_Beta.xcdatamodeld */ = {
			isa = XCVersionGroup;
			children = (
				D7AEC2B42314C7750056AEFD /* Parkiminder_Beta.xcdatamodel */,
			);
			currentVersion = D7AEC2B42314C7750056AEFD /* Parkiminder_Beta.xcdatamodel */;
			path = Parkiminder_Beta.xcdatamodeld;
			sourceTree = "<group>";
			versionGroupType = wrapper.xcdatamodel;
		};
/* End XCVersionGroup section */
	};
	rootObject = D7AEC2A12314C7750056AEFD /* Project object */;
}
